<?xml version="1.0" encoding="UTF-8"?>
<Scheme
   version = "1.3">
   <BuildAction>
      <BuildActionEntries>
         <BuildActionEntry
            buildForRunning = "YES">
            <BuildableReference
               BuildableIdentifier = "primary"
               BlueprintIdentifier = "14C96ECA02CD84D1028F1DD9"
               BuildableName = "LThreadPool"
               BlueprintName = "LThreadPool"
               ReferencedContainer = "container:LThreadPool.xcodeproj">
            </BuildableReference>
         </BuildActionEntry>
      </BuildActionEntries>
   </BuildAction>
   <LaunchAction
      useCustomWorkingDirectory = "NO"
      buildConfiguration = "Debug">
      <BuildableProductRunnable>
         <BuildableReference
            BuildableIdentifier = "primary"
            BlueprintIdentifier = "14C96ECA02CD84D1028F1DD9"
            BuildableName = "LThreadPool"
            BlueprintName = "LThreadPool"
            ReferencedContainer = "container:LThreadPool.xcodeproj">
         </BuildableReference>
      </BuildableProductRunnable>
   </LaunchAction>
</Scheme>
